<Solution>
  <Folder Name="/src/">
    <Project Path="src/PasswordTool.Api/PasswordTool.Api.csproj" />
    <Project Path="src/PasswordTool.Core/PasswordTool.Core.csproj" />
    <Project Path="src/PasswordTool.NativeHost/PasswordTool.NativeHost.csproj" />
    <Project Path="src/PasswordTool.Presentation/PasswordTool.Presentation.csproj" />
    <Project Path="src/PasswordTool.WinUI/PasswordTool.WinUI.csproj">
      <Platform Project="x64" />
    </Project>
  </Folder>
  <Folder Name="/tests/">
    <Project Path="tests/PasswordTool.Core.Tests/PasswordTool.Core.Tests.csproj" />
    <Project Path="tests/PasswordTool.Presentation.Tests/PasswordTool.Presentation.Tests.csproj" />
  </Folder>
</Solution>
